// !$*UTF8*$!
{
	archiveVersion = 1;
	classes = {
	};
	objectVersion = 46;
	objects = {

/* Begin PBXBuildFile section */
		EB7F9E421F23B5DF00668AAE /* AppDelegate.swift in Sources */ = {isa = PBXBuildFile; fileRef = EB7F9E411F23B5DF00668AAE /* AppDelegate.swift */; };
		EB7F9E441F23B5DF00668AAE /* ShowCharactersViewController.swift in Sources */ = {isa = PBXBuildFile; fileRef = EB7F9E431F23B5DF00668AAE /* ShowCharactersViewController.swift */; };
		EB7F9E471F23B5DF00668AAE /* Main.storyboard in Resources */ = {isa = PBXBuildFile; fileRef = EB7F9E451F23B5DF00668AAE /* Main.storyboard */; };
		EB7F9E491F23B5DF00668AAE /* Assets.xcassets in Resources */ = {isa = PBXBuildFile; fileRef = EB7F9E481F23B5DF00668AAE /* Assets.xcassets */; };
		EB7F9E4C1F23B5DF00668AAE /* LaunchScreen.storyboard in Resources */ = {isa = PBXBuildFile; fileRef = EB7F9E4A1F23B5DF00668AAE /* LaunchScreen.storyboard */; };
		EBB10D221F26AB81002CD26D /* dummyData.json in Resources */ = {isa = PBXBuildFile; fileRef = EBB10D211F26AB81002CD26D /* dummyData.json */; };
		EBD556AF1F23C2FB00FF2A76 /* Character.swift in Sources */ = {isa = PBXBuildFile; fileRef = EBD556AE1F23C2FB00FF2A76 /* Character.swift */; };
/* End PBXBuildFile section */

/* Begin PBXFileReference section */
		EB7F9E3E1F23B5DF00668AAE /* GOHCurrentProjects.app */ = {isa = PBXFileReference; explicitFileType = wrapper.application; includeInIndex = 0; path = GOHCurrentProjects.app; sourceTree = BUILT_PRODUCTS_DIR; };
		EB7F9E411F23B5DF00668AAE /* AppDelegate.swift */ = {isa = PBXFileReference; lastKnownFileType = sourcecode.swift; path = AppDelegate.swift; sourceTree = "<group>"; };
		EB7F9E431F23B5DF00668AAE /* ShowCharactersViewController.swift */ = {isa = PBXFileReference; lastKnownFileType = sourcecode.swift; path = ShowCharactersViewController.swift; sourceTree = "<group>"; };
		EB7F9E461F23B5DF00668AAE /* Base */ = {isa = PBXFileReference; lastKnownFileType = file.storyboard; name = Base; path = Base.lproj/Main.storyboard; sourceTree = "<group>"; };
		EB7F9E481F23B5DF00668AAE /* Assets.xcassets */ = {isa = PBXFileReference; lastKnownFileType = folder.assetcatalog; path = Assets.xcassets; sourceTree = "<group>"; };
		EB7F9E4B1F23B5DF00668AAE /* Base */ = {isa = PBXFileReference; lastKnownFileType = file.storyboard; name = Base; path = Base.lproj/LaunchScreen.storyboard; sourceTree = "<group>"; };
		EB7F9E4D1F23B5DF00668AAE /* Info.plist */ = {isa = PBXFileReference; lastKnownFileType = text.plist.xml; path = Info.plist; sourceTree = "<group>"; };
		EBB10D211F26AB81002CD26D /* dummyData.json */ = {isa = PBXFileReference; fileEncoding = 4; lastKnownFileType = text.json; path = dummyData.json; sourceTree = "<group>"; };
		EBD556AE1F23C2FB00FF2A76 /* Character.swift */ = {isa = PBXFileReference; fileEncoding = 4; lastKnownFileType = sourcecode.swift; path = Character.swift; sourceTree = "<group>"; };
/* End PBXFileReference section */

/* Begin PBXFrameworksBuildPhase section */
		EB7F9E3B1F23B5DF00668AAE /* Frameworks */ = {
			isa = PBXFrameworksBuildPhase;
			buildActionMask = 2147483647;
			files = (
			);
			runOnlyForDeploymentPostprocessing = 0;
		};
/* End PBXFrameworksBuildPhase section */

/* Begin PBXGroup section */
		EB7F9E351F23B5DF00668AAE = {
			isa = PBXGroup;
			children = (
				EB7F9E401F23B5DF00668AAE /* GOHCurrentProjects */,
				EB7F9E3F1F23B5DF00668AAE /* Products */,
			);
			sourceTree = "<group>";
		};
		EB7F9E3F1F23B5DF00668AAE /* Products */ = {
			isa = PBXGroup;
			children = (
				EB7F9E3E1F23B5DF00668AAE /* GOHCurrentProjects.app */,
			);
			name = Products;
			sourceTree = "<group>";
		};
		EB7F9E401F23B5DF00668AAE /* GOHCurrentProjects */ = {
			isa = PBXGroup;
			children = (
				EBB10D211F26AB81002CD26D /* dummyData.json */,
				EB7F9E411F23B5DF00668AAE /* AppDelegate.swift */,
				EB7F9E431F23B5DF00668AAE /* ShowCharactersViewController.swift */,
				EB7F9E451F23B5DF00668AAE /* Main.storyboard */,
				EB7F9E481F23B5DF00668AAE /* Assets.xcassets */,
				EB7F9E4A1F23B5DF00668AAE /* LaunchScreen.storyboard */,
				EB7F9E4D1F23B5DF00668AAE /* Info.plist */,
				EBD556AE1F23C2FB00FF2A76 /* Character.swift */,
			);
			path = GOHCurrentProjects;
			sourceTree = "<group>";
		};
/* End PBXGroup section */

/* Begin PBXNativeTarget section */
		EB7F9E3D1F23B5DF00668AAE /* GOHCurrentProjects */ = {
			isa = PBXNativeTarget;
			buildConfigurationList = EB7F9E501F23B5DF00668AAE /* Build configuration list for PBXNativeTarget "GOHCurrentProjects" */;
			buildPhases = (
				EB7F9E3A1F23B5DF00668AAE /* Sources */,
				EB7F9E3B1F23B5DF00668AAE /* Frameworks */,
				EB7F9E3C1F23B5DF00668AAE /* Resources */,
			);
			buildRules = (
			);
			dependencies = (
			);
			name = GOHCurrentProjects;
			productName = GOHCurrentProjects;
			productReference = EB7F9E3E1F23B5DF00668AAE /* GOHCurrentProjects.app */;
			productType = "com.apple.product-type.application";
		};
/* End PBXNativeTarget section */

/* Begin PBXProject section */
		EB7F9E361F23B5DF00668AAE /* Project object */ = {
			isa = PBXProject;
			attributes = {
				LastSwiftUpdateCheck = 0830;
				LastUpgradeCheck = 0900;
				ORGANIZATIONNAME = "kickinbahk Productions";
				TargetAttributes = {
					EB7F9E3D1F23B5DF00668AAE = {
						CreatedOnToolsVersion = 8.3.3;
						DevelopmentTeam = 6VCPF4YUJN;
						LastSwiftMigration = 0900;
						ProvisioningStyle = Automatic;
					};
				};
			};
			buildConfigurationList = EB7F9E391F23B5DF00668AAE /* Build configuration list for PBXProject "GOHCurrentProjects" */;
			compatibilityVersion = "Xcode 3.2";
			developmentRegion = English;
			hasScannedForEncodings = 0;
			knownRegions = (
				en,
				Base,
			);
			mainGroup = EB7F9E351F23B5DF00668AAE;
			productRefGroup = EB7F9E3F1F23B5DF00668AAE /* Products */;
			projectDirPath = "";
			projectRoot = "";
			targets = (
				EB7F9E3D1F23B5DF00668AAE /* GOHCurrentProjects */,
			);
		};
/* End PBXProject section */

/* Begin PBXResourcesBuildPhase section */
		EB7F9E3C1F23B5DF00668AAE /* Resources */ = {
			isa = PBXResourcesBuildPhase;
			buildActionMask = 2147483647;
			files = (
				EBB10D221F26AB81002CD26D /* dummyData.json in Resources */,
				EB7F9E4C1F23B5DF00668AAE /* LaunchScreen.storyboard in Resources */,
				EB7F9E491F23B5DF00668AAE /* Assets.xcassets in Resources */,
				EB7F9E471F23B5DF00668AAE /* Main.storyboard in Resources */,
			);
			runOnlyForDeploymentPostprocessing = 0;
		};
/* End PBXResourcesBuildPhase section */

/* Begin PBXSourcesBuildPhase section */
		EB7F9E3A1F23B5DF00668AAE /* Sources */ = {
			isa = PBXSourcesBuildPhase;
			buildActionMask = 2147483647;
			files = (
				EBD556AF1F23C2FB00FF2A76 /* Character.swift in Sources */,
				EB7F9E441F23B5DF00668AAE /* ShowCharactersViewController.swift in Sources */,
				EB7F9E421F23B5DF00668AAE /* AppDelegate.swift in Sources */,
			);
			runOnlyForDeploymentPostprocessing = 0;
		};
/* End PBXSourcesBuildPhase section */

/* Begin PBXVariantGroup section */
		EB7F9E451F23B5DF00668AAE /* Main.storyboard */ = {
			isa = PBXVariantGroup;
			children = (
				EB7F9E461F23B5DF00668AAE /* Base */,
			);
			name = Main.storyboard;
			sourceTree = "<group>";
		};
		EB7F9E4A1F23B5DF00668AAE /* LaunchScreen.storyboard */ = {
			isa = PBXVariantGroup;
			children = (
				EB7F9E4B1F23B5DF00668AAE /* Base */,
			);
			name = LaunchScreen.storyboard;
			sourceTree = "<group>";
		};
/* End PBXVariantGroup section */

/* Begin XCBuildConfiguration section */
		EB7F9E4E1F23B5DF00668AAE /* Debug */ = {
			isa = XCBuildConfiguration;
			buildSettings = {
				ALWAYS_SEARCH_USER_PATHS = NO;
				CLANG_ANALYZER_NONNULL = YES;
				CLANG_ANALYZER_NUMBER_OBJECT_CONVERSION = YES_AGGRESSIVE;
				CLANG_CXX_LANGUAGE_STANDARD = "gnu++0x";
				CLANG_CXX_LIBRARY = "libc++";
				CLANG_ENABLE_MODULES = YES;
				CLANG_ENABLE_OBJC_ARC = YES;
				CLANG_WARN_BLOCK_CAPTURE_AUTORELEASING = YES;
				CLANG_WARN_BOOL_CONVERSION = YES;
				CLANG_WARN_COMMA = YES;
				CLANG_WARN_CONSTANT_CONVERSION = YES;
				CLANG_WARN_DIRECT_OBJC_ISA_USAGE = YES_ERROR;
				CLANG_WARN_DOCUMENTATION_COMMENTS = YES;
				CLANG_WARN_EMPTY_BODY = YES;
				CLANG_WARN_ENUM_CONVERSION = YES;
				CLANG_WARN_INFINITE_RECURSION = YES;
				CLANG_WARN_INT_CONVERSION = YES;
				CLANG_WARN_NON_LITERAL_NULL_CONVERSION = YES;
				CLANG_WARN_OBJC_LITERAL_CONVERSION = YES;
				CLANG_WARN_OBJC_ROOT_CLASS = YES_ERROR;
				CLANG_WARN_RANGE_LOOP_ANALYSIS = YES;
				CLANG_WARN_STRICT_PROTOTYPES = YES;
				CLANG_WARN_SUSPICIOUS_MOVE = YES;
				CLANG_WARN_UNREACHABLE_CODE = YES;
				CLANG_WARN__DUPLICATE_METHOD_MATCH = YES;
				"CODE_SIGN_IDENTITY[sdk=iphoneos*]" = "iPhone Developer";
				COPY_PHASE_STRIP = NO;
				DEBUG_INFORMATION_FORMAT = dwarf;
				ENABLE_STRICT_OBJC_MSGSEND = YES;
				ENABLE_TESTABILITY = YES;
				GCC_C_LANGUAGE_STANDARD = gnu99;
				GCC_DYNAMIC_NO_PIC = NO;
				GCC_NO_COMMON_BLOCKS = YES;
				GCC_OPTIMIZATION_LEVEL = 0;
				GCC_PREPROCESSOR_DEFINITIONS = (
					"DEBUG=1",
					"$(inherited)",
				);
				GCC_WARN_64_TO_32_BIT_CONVERSION = YES;
				GCC_WARN_ABOUT_RETURN_TYPE = YES_ERROR;
				GCC_WARN_UNDECLARED_SELECTOR = YES;
				GCC_WARN_UNINITIALIZED_AUTOS = YES_AGGRESSIVE;
				GCC_WARN_UNUSED_FUNCTION = YES;
				GCC_WARN_UNUSED_VARIABLE = YES;
				IPHONEOS_DEPLOYMENT_TARGET = 10.3;
				MTL_ENABLE_DEBUG_INFO = YES;
				ONLY_ACTIVE_ARCH = YES;
				SDKROOT = iphoneos;
				SWIFT_ACTIVE_COMPILATION_CONDITIONS = DEBUG;
				SWIFT_OPTIMIZATION_LEVEL = "-Onone";
			};
			name = Debug;
		};
		EB7F9E4F1F23B5DF00668AAE /* Release */ = {
			isa = XCBuildConfiguration;
			buildSettings = {
				ALWAYS_SEARCH_USER_PATHS = NO;
				CLANG_ANALYZER_NONNULL = YES;
				CLANG_ANALYZER_NUMBER_OBJECT_CONVERSION = YES_AGGRESSIVE;
				CLANG_CXX_LANGUAGE_STANDARD = "gnu++0x";
				CLANG_CXX_LIBRARY = "libc++";
				CLANG_ENABLE_MODULES = YES;
				CLANG_ENABLE_OBJC_ARC = YES;
				CLANG_WARN_BLOCK_CAPTURE_AUTORELEASING = YES;
				CLANG_WARN_BOOL_CONVERSION = YES;
				CLANG_WARN_COMMA = YES;
				CLANG_WARN_CONSTANT_CONVERSION = YES;
				CLANG_WARN_DIRECT_OBJC_ISA_USAGE = YES_ERROR;
				CLANG_WARN_DOCUMENTATION_COMMENTS = YES;
				CLANG_WARN_EMPTY_BODY = YES;
				CLANG_WARN_ENUM_CONVERSION = YES;
				CLANG_WARN_INFINITE_RECURSION = YES;
				CLANG_WARN_INT_CONVERSION = YES;
				CLANG_WARN_NON_LITERAL_NULL_CONVERSION = YES;
				CLANG_WARN_OBJC_LITERAL_CONVERSION = YES;
				CLANG_WARN_OBJC_ROOT_CLASS = YES_ERROR;
				CLANG_WARN_RANGE_LOOP_ANALYSIS = YES;
				CLANG_WARN_STRICT_PROTOTYPES = YES;
				CLANG_WARN_SUSPICIOUS_MOVE = YES;
				CLANG_WARN_UNREACHABLE_CODE = YES;
				CLANG_WARN__DUPLICATE_METHOD_MATCH = YES;
				"CODE_SIGN_IDENTITY[sdk=iphoneos*]" = "iPhone Developer";
				COPY_PHASE_STRIP = NO;
				DEBUG_INFORMATION_FORMAT = "dwarf-with-dsym";
				ENABLE_NS_ASSERTIONS = NO;
				ENABLE_STRICT_OBJC_MSGSEND = YES;
				GCC_C_LANGUAGE_STANDARD = gnu99;
				GCC_NO_COMMON_BLOCKS = YES;
				GCC_WARN_64_TO_32_BIT_CONVERSION = YES;
				GCC_WARN_ABOUT_RETURN_TYPE = YES_ERROR;
				GCC_WARN_UNDECLARED_SELECTOR = YES;
				GCC_WARN_UNINITIALIZED_AUTOS = YES_AGGRESSIVE;
				GCC_WARN_UNUSED_FUNCTION = YES;
				GCC_WARN_UNUSED_VARIABLE = YES;
				IPHONEOS_DEPLOYMENT_TARGET = 10.3;
				MTL_ENABLE_DEBUG_INFO = NO;
				SDKROOT = iphoneos;
				SWIFT_OPTIMIZATION_LEVEL = "-Owholemodule";
				VALIDATE_PRODUCT = YES;
			};
			name = Release;
		};
		EB7F9E511F23B5DF00668AAE /* Debug */ = {
			isa = XCBuildConfiguration;
			buildSettings = {
				ASSETCATALOG_COMPILER_APPICON_NAME = AppIcon;
				DEVELOPMENT_TEAM = 6VCPF4YUJN;
				INFOPLIST_FILE = GOHCurrentProjects/Info.plist;
				LD_RUNPATH_SEARCH_PATHS = "$(inherited) @executable_path/Frameworks";
				PRODUCT_BUNDLE_IDENTIFIER = com.kickinbahkproductions.GOHCurrentProjects;
				PRODUCT_NAME = "$(TARGET_NAME)";
				SWIFT_SWIFT3_OBJC_INFERENCE = On;
				SWIFT_VERSION = 4.0;
			};
			name = Debug;
		};
		EB7F9E521F23B5DF00668AAE /* Release */ = {
			isa = XCBuildConfiguration;
			buildSettings = {
				ASSETCATALOG_COMPILER_APPICON_NAME = AppIcon;
				DEVELOPMENT_TEAM = 6VCPF4YUJN;
				INFOPLIST_FILE = GOHCurrentProjects/Info.plist;
				LD_RUNPATH_SEARCH_PATHS = "$(inherited) @executable_path/Frameworks";
				PRODUCT_BUNDLE_IDENTIFIER = com.kickinbahkproductions.GOHCurrentProjects;
				PRODUCT_NAME = "$(TARGET_NAME)";
				SWIFT_SWIFT3_OBJC_INFERENCE = On;
				SWIFT_VERSION = 4.0;
			};
			name = Release;
		};
/* End XCBuildConfiguration section */

/* Begin XCConfigurationList section */
		EB7F9E391F23B5DF00668AAE /* Build configuration list for PBXProject "GOHCurrentProjects" */ = {
			isa = XCConfigurationList;
			buildConfigurations = (
				EB7F9E4E1F23B5DF00668AAE /* Debug */,
				EB7F9E4F1F23B5DF00668AAE /* Release */,
			);
			defaultConfigurationIsVisible = 0;
			defaultConfigurationName = Release;
		};
		EB7F9E501F23B5DF00668AAE /* Build configuration list for PBXNativeTarget "GOHCurrentProjects" */ = {
			isa = XCConfigurationList;
			buildConfigurations = (
				EB7F9E511F23B5DF00668AAE /* Debug */,
				EB7F9E521F23B5DF00668AAE /* Release */,
			);
			defaultConfigurationIsVisible = 0;
			defaultConfigurationName = Release;
		};
/* End XCConfigurationList section */
	};
	rootObject = EB7F9E361F23B5DF00668AAE /* Project object */;
}
